<?xml version="1.0" encoding="UTF-8"?>
<CodeBlocks_project_file>
	<FileVersion major="1" minor="6"/>
	<Project>
		<Option title="proyecto_I"/>
		<Option makefile_is_custom="1"/>
		<Option compiler="gcc"/>
		<Option virtualFolders="CMake Files\;CMake Files\..\;CMake Files\..\..\;CMake Files\..\..\..\;CMake Files\..\..\..\..\;CMake Files\..\..\..\..\..\;CMake Files\..\..\..\..\..\..\;CMake Files\..\..\..\..\..\..\usr\;CMake Files\..\..\..\..\..\..\usr\lib64\;CMake Files\..\..\..\..\..\..\usr\lib64\cmake\;CMake Files\..\..\..\..\..\..\usr\lib64\cmake\Qt5Core\;"/>
		<Build>
			<Target title="all">
				<Option working_dir="/home/sebastian/Escritorio/Datos 2/Proyecto1-Datos-II/build-proyecto_I-Desktop-Debug"/>
				<Option type="4"/>
				<MakeCommands>
					<Build command="/usr/bin/make -j4 -f &quot;/home/sebastian/Escritorio/Datos\ 2/Proyecto1-Datos-II/build-proyecto_I-Desktop-Debug/Makefile&quot;  VERBOSE=1 all"/>
					<CompileFile command="/usr/bin/make -j4 -f &quot;/home/sebastian/Escritorio/Datos\ 2/Proyecto1-Datos-II/build-proyecto_I-Desktop-Debug/Makefile&quot;  VERBOSE=1 &quot;$file&quot;"/>
					<Clean command="/usr/bin/make -j4 -f &quot;/home/sebastian/Escritorio/Datos\ 2/Proyecto1-Datos-II/build-proyecto_I-Desktop-Debug/Makefile&quot;  VERBOSE=1 clean"/>
					<DistClean command="/usr/bin/make -j4 -f &quot;/home/sebastian/Escritorio/Datos\ 2/Proyecto1-Datos-II/build-proyecto_I-Desktop-Debug/Makefile&quot;  VERBOSE=1 clean"/>
				</MakeCommands>
			</Target>
			<Target title="rebuild_cache">
				<Option working_dir="/home/sebastian/Escritorio/Datos 2/Proyecto1-Datos-II/build-proyecto_I-Desktop-Debug"/>
				<Option type="4"/>
				<MakeCommands>
					<Build command="/usr/bin/make -j4 -f &quot;/home/sebastian/Escritorio/Datos\ 2/Proyecto1-Datos-II/build-proyecto_I-Desktop-Debug/Makefile&quot;  VERBOSE=1 rebuild_cache"/>
					<CompileFile command="/usr/bin/make -j4 -f &quot;/home/sebastian/Escritorio/Datos\ 2/Proyecto1-Datos-II/build-proyecto_I-Desktop-Debug/Makefile&quot;  VERBOSE=1 &quot;$file&quot;"/>
					<Clean command="/usr/bin/make -j4 -f &quot;/home/sebastian/Escritorio/Datos\ 2/Proyecto1-Datos-II/build-proyecto_I-Desktop-Debug/Makefile&quot;  VERBOSE=1 clean"/>
					<DistClean command="/usr/bin/make -j4 -f &quot;/home/sebastian/Escritorio/Datos\ 2/Proyecto1-Datos-II/build-proyecto_I-Desktop-Debug/Makefile&quot;  VERBOSE=1 clean"/>
				</MakeCommands>
			</Target>
			<Target title="proyecto_I">
				<Option output="/home/sebastian/Escritorio/Datos 2/Proyecto1-Datos-II/build-proyecto_I-Desktop-Debug/proyecto_I" prefix_auto="0" extension_auto="0"/>
				<Option working_dir="/home/sebastian/Escritorio/Datos 2/Proyecto1-Datos-II/build-proyecto_I-Desktop-Debug"/>
				<Option object_output="./"/>
				<Option type="1"/>
				<Option compiler="gcc"/>
				<Compiler>
					<Add option="-DQT_CORE_LIB"/>
					<Add directory="/home/sebastian/Escritorio/Datos 2/Proyecto1-Datos-II/build-proyecto_I-Desktop-Debug"/>
					<Add directory="/home/sebastian/Escritorio/Datos 2/Proyecto1-Datos-II/proyecto_I"/>
					<Add directory="/home/sebastian/Escritorio/Datos 2/Proyecto1-Datos-II/build-proyecto_I-Desktop-Debug/proyecto_I_autogen/include"/>
					<Add directory="/usr/include/qt"/>
					<Add directory="/usr/include/qt/QtCore"/>
					<Add directory="/usr/lib/qt/mkspecs/linux-g++"/>
					<Add directory="/usr/lib/gcc/x86_64-pc-linux-gnu/9.3.0/../../../../include/c++/9.3.0"/>
					<Add directory="/usr/lib/gcc/x86_64-pc-linux-gnu/9.3.0/../../../../include/c++/9.3.0/x86_64-pc-linux-gnu"/>
					<Add directory="/usr/lib/gcc/x86_64-pc-linux-gnu/9.3.0/../../../../include/c++/9.3.0/backward"/>
					<Add directory="/usr/lib/gcc/x86_64-pc-linux-gnu/9.3.0/include"/>
					<Add directory="/usr/local/include"/>
					<Add directory="/usr/lib/gcc/x86_64-pc-linux-gnu/9.3.0/include-fixed"/>
					<Add directory="/usr/include"/>
				</Compiler>
				<MakeCommands>
					<Build command="/usr/bin/make -j4 -f &quot;/home/sebastian/Escritorio/Datos\ 2/Proyecto1-Datos-II/build-proyecto_I-Desktop-Debug/Makefile&quot;  VERBOSE=1 proyecto_I"/>
					<CompileFile command="/usr/bin/make -j4 -f &quot;/home/sebastian/Escritorio/Datos\ 2/Proyecto1-Datos-II/build-proyecto_I-Desktop-Debug/Makefile&quot;  VERBOSE=1 &quot;$file&quot;"/>
					<Clean command="/usr/bin/make -j4 -f &quot;/home/sebastian/Escritorio/Datos\ 2/Proyecto1-Datos-II/build-proyecto_I-Desktop-Debug/Makefile&quot;  VERBOSE=1 clean"/>
					<DistClean command="/usr/bin/make -j4 -f &quot;/home/sebastian/Escritorio/Datos\ 2/Proyecto1-Datos-II/build-proyecto_I-Desktop-Debug/Makefile&quot;  VERBOSE=1 clean"/>
				</MakeCommands>
			</Target>
			<Target title="proyecto_I/fast">
				<Option output="/home/sebastian/Escritorio/Datos 2/Proyecto1-Datos-II/build-proyecto_I-Desktop-Debug/proyecto_I" prefix_auto="0" extension_auto="0"/>
				<Option working_dir="/home/sebastian/Escritorio/Datos 2/Proyecto1-Datos-II/build-proyecto_I-Desktop-Debug"/>
				<Option object_output="./"/>
				<Option type="1"/>
				<Option compiler="gcc"/>
				<Compiler>
					<Add option="-DQT_CORE_LIB"/>
					<Add directory="/home/sebastian/Escritorio/Datos 2/Proyecto1-Datos-II/build-proyecto_I-Desktop-Debug"/>
					<Add directory="/home/sebastian/Escritorio/Datos 2/Proyecto1-Datos-II/proyecto_I"/>
					<Add directory="/home/sebastian/Escritorio/Datos 2/Proyecto1-Datos-II/build-proyecto_I-Desktop-Debug/proyecto_I_autogen/include"/>
					<Add directory="/usr/include/qt"/>
					<Add directory="/usr/include/qt/QtCore"/>
					<Add directory="/usr/lib/qt/mkspecs/linux-g++"/>
					<Add directory="/usr/lib/gcc/x86_64-pc-linux-gnu/9.3.0/../../../../include/c++/9.3.0"/>
					<Add directory="/usr/lib/gcc/x86_64-pc-linux-gnu/9.3.0/../../../../include/c++/9.3.0/x86_64-pc-linux-gnu"/>
					<Add directory="/usr/lib/gcc/x86_64-pc-linux-gnu/9.3.0/../../../../include/c++/9.3.0/backward"/>
					<Add directory="/usr/lib/gcc/x86_64-pc-linux-gnu/9.3.0/include"/>
					<Add directory="/usr/local/include"/>
					<Add directory="/usr/lib/gcc/x86_64-pc-linux-gnu/9.3.0/include-fixed"/>
					<Add directory="/usr/include"/>
				</Compiler>
				<MakeCommands>
					<Build command="/usr/bin/make -j4 -f &quot;/home/sebastian/Escritorio/Datos\ 2/Proyecto1-Datos-II/build-proyecto_I-Desktop-Debug/Makefile&quot;  VERBOSE=1 proyecto_I/fast"/>
					<CompileFile command="/usr/bin/make -j4 -f &quot;/home/sebastian/Escritorio/Datos\ 2/Proyecto1-Datos-II/build-proyecto_I-Desktop-Debug/Makefile&quot;  VERBOSE=1 &quot;$file&quot;"/>
					<Clean command="/usr/bin/make -j4 -f &quot;/home/sebastian/Escritorio/Datos\ 2/Proyecto1-Datos-II/build-proyecto_I-Desktop-Debug/Makefile&quot;  VERBOSE=1 clean"/>
					<DistClean command="/usr/bin/make -j4 -f &quot;/home/sebastian/Escritorio/Datos\ 2/Proyecto1-Datos-II/build-proyecto_I-Desktop-Debug/Makefile&quot;  VERBOSE=1 clean"/>
				</MakeCommands>
			</Target>
			<Target title="edit_cache">
				<Option working_dir="/home/sebastian/Escritorio/Datos 2/Proyecto1-Datos-II/build-proyecto_I-Desktop-Debug"/>
				<Option type="4"/>
				<MakeCommands>
					<Build command="/usr/bin/make -j4 -f &quot;/home/sebastian/Escritorio/Datos\ 2/Proyecto1-Datos-II/build-proyecto_I-Desktop-Debug/Makefile&quot;  VERBOSE=1 edit_cache"/>
					<CompileFile command="/usr/bin/make -j4 -f &quot;/home/sebastian/Escritorio/Datos\ 2/Proyecto1-Datos-II/build-proyecto_I-Desktop-Debug/Makefile&quot;  VERBOSE=1 &quot;$file&quot;"/>
					<Clean command="/usr/bin/make -j4 -f &quot;/home/sebastian/Escritorio/Datos\ 2/Proyecto1-Datos-II/build-proyecto_I-Desktop-Debug/Makefile&quot;  VERBOSE=1 clean"/>
					<DistClean command="/usr/bin/make -j4 -f &quot;/home/sebastian/Escritorio/Datos\ 2/Proyecto1-Datos-II/build-proyecto_I-Desktop-Debug/Makefile&quot;  VERBOSE=1 clean"/>
				</MakeCommands>
			</Target>
			<Target title="proyecto_I_autogen">
				<Option working_dir="/home/sebastian/Escritorio/Datos 2/Proyecto1-Datos-II/build-proyecto_I-Desktop-Debug"/>
				<Option type="4"/>
				<MakeCommands>
					<Build command="/usr/bin/make -j4 -f &quot;/home/sebastian/Escritorio/Datos\ 2/Proyecto1-Datos-II/build-proyecto_I-Desktop-Debug/Makefile&quot;  VERBOSE=1 proyecto_I_autogen"/>
					<CompileFile command="/usr/bin/make -j4 -f &quot;/home/sebastian/Escritorio/Datos\ 2/Proyecto1-Datos-II/build-proyecto_I-Desktop-Debug/Makefile&quot;  VERBOSE=1 &quot;$file&quot;"/>
					<Clean command="/usr/bin/make -j4 -f &quot;/home/sebastian/Escritorio/Datos\ 2/Proyecto1-Datos-II/build-proyecto_I-Desktop-Debug/Makefile&quot;  VERBOSE=1 clean"/>
					<DistClean command="/usr/bin/make -j4 -f &quot;/home/sebastian/Escritorio/Datos\ 2/Proyecto1-Datos-II/build-proyecto_I-Desktop-Debug/Makefile&quot;  VERBOSE=1 clean"/>
				</MakeCommands>
			</Target>
		</Build>
		<Unit filename="/home/sebastian/Escritorio/Datos 2/Proyecto1-Datos-II/build-proyecto_I-Desktop-Debug/proyecto_I_autogen/mocs_compilation.cpp">
			<Option target="proyecto_I"/>
		</Unit>
		<Unit filename="/home/sebastian/Escritorio/Datos 2/Proyecto1-Datos-II/proyecto_I/Lista.hpp">
			<Option target="proyecto_I"/>
		</Unit>
		<Unit filename="/home/sebastian/Escritorio/Datos 2/Proyecto1-Datos-II/proyecto_I/Nodo.hpp">
			<Option target="proyecto_I"/>
		</Unit>
		<Unit filename="/home/sebastian/Escritorio/Datos 2/Proyecto1-Datos-II/proyecto_I/VSPtr.hpp">
			<Option target="proyecto_I"/>
		</Unit>
		<Unit filename="/home/sebastian/Escritorio/Datos 2/Proyecto1-Datos-II/proyecto_I/main.cpp">
			<Option target="proyecto_I"/>
		</Unit>
		<Unit filename="/home/sebastian/Escritorio/Datos 2/Proyecto1-Datos-II/proyecto_I/CMakeLists.txt">
			<Option virtualFolder="CMake Files\"/>
		</Unit>
		<Unit filename="/home/sebastian/Escritorio/Datos 2/Proyecto1-Datos-II/proyecto_I/../../../../../../usr/lib64/cmake/Qt5Core/Qt5CoreConfig.cmake">
			<Option virtualFolder="CMake Files\..\..\..\..\..\..\usr\lib64\cmake\Qt5Core\"/>
		</Unit>
		<Unit filename="/home/sebastian/Escritorio/Datos 2/Proyecto1-Datos-II/proyecto_I/../../../../../../usr/lib64/cmake/Qt5Core/Qt5CoreConfigExtras.cmake">
			<Option virtualFolder="CMake Files\..\..\..\..\..\..\usr\lib64\cmake\Qt5Core\"/>
		</Unit>
		<Unit filename="/home/sebastian/Escritorio/Datos 2/Proyecto1-Datos-II/proyecto_I/../../../../../../usr/lib64/cmake/Qt5Core/Qt5CoreConfigExtrasMkspecDir.cmake">
			<Option virtualFolder="CMake Files\..\..\..\..\..\..\usr\lib64\cmake\Qt5Core\"/>
		</Unit>
		<Unit filename="/home/sebastian/Escritorio/Datos 2/Proyecto1-Datos-II/proyecto_I/../../../../../../usr/lib64/cmake/Qt5Core/Qt5CoreConfigVersion.cmake">
			<Option virtualFolder="CMake Files\..\..\..\..\..\..\usr\lib64\cmake\Qt5Core\"/>
		</Unit>
		<Unit filename="/home/sebastian/Escritorio/Datos 2/Proyecto1-Datos-II/proyecto_I/../../../../../../usr/lib64/cmake/Qt5Core/Qt5CoreMacros.cmake">
			<Option virtualFolder="CMake Files\..\..\..\..\..\..\usr\lib64\cmake\Qt5Core\"/>
		</Unit>
	</Project>
</CodeBlocks_project_file>
